{
    "_readme": [
        "This file locks the dependencies of your project to a known state",
        "Read more about it at https://getcomposer.org/doc/01-basic-usage.md#installing-dependencies",
        "This file is @generated automatically"
    ],
    "content-hash": "1eda9df4e2065c4856bae785fe52a90f",
    "packages": [
        {
            "name": "contributte/mail",
            "version": "v0.5.2",
            "source": {
                "type": "git",
                "url": "https://github.com/contributte/mail.git",
                "reference": "afc909eae76e4d341ece6ed06424d57aeee9f2be"
            },
            "dist": {
                "type": "zip",
                "url": "https://api.github.com/repos/contributte/mail/zipball/afc909eae76e4d341ece6ed06424d57aeee9f2be",
                "reference": "afc909eae76e4d341ece6ed06424d57aeee9f2be",
                "shasum": ""
            },
            "require": {
                "nette/mail": "~3.1.0",
                "nette/utils": "~3.0.0|~3.1.0",
                "php": "^7.2"
            },
            "require-dev": {
                "contributte/di": "^0.4.0",
                "ninjify/nunjuck": "^0.3.0",
                "ninjify/qa": "^0.10.0",
                "phpstan/extension-installer": "^1.0",
                "phpstan/phpstan": "^0.12.2",
                "phpstan/phpstan-deprecation-rules": "^0.12.0",
                "phpstan/phpstan-nette": "^0.12.0",
                "phpstan/phpstan-strict-rules": "^0.12.0",
                "tracy/tracy": "~2.6.2|~2.7.0"
            },
            "suggest": {
                "contributte/di": "to use MailerExtension[CompilerExtension]"
            },
            "type": "library",
            "extra": {
                "branch-alias": {
                    "dev-master": "0.6.x-dev"
                }
            },
            "autoload": {
                "psr-4": {
                    "Contributte\\Mail\\": "src"
                }
            },
            "notification-url": "https://packagist.org/downloads/",
            "license": [
                "MIT"
            ],
            "authors": [
                {
                    "name": "Milan Felix Šulc",
                    "homepage": "https://f3l1x.io"
                }
            ],
            "description": "Extra contrib to nette/mail",
            "homepage": "https://github.com/contributte/mail",
            "keywords": [
                "extra",
                "mail",
                "nette"
            ],
            "support": {
                "issues": "https://github.com/contributte/mail/issues",
                "source": "https://github.com/contributte/mail/tree/master"
            },
            "time": "2020-03-15T14:15:41+00:00"
        },
        {
            "name": "nette/mail",
            "version": "v3.1.5",
            "source": {
                "type": "git",
                "url": "https://github.com/nette/mail.git",
                "reference": "e072486ef2dbb533189f36a53c020f06b7659f4f"
            },
            "dist": {
                "type": "zip",
                "url": "https://api.github.com/repos/nette/mail/zipball/e072486ef2dbb533189f36a53c020f06b7659f4f",
                "reference": "e072486ef2dbb533189f36a53c020f06b7659f4f",
                "shasum": ""
            },
            "require": {
                "ext-iconv": "*",
                "nette/utils": "^3.1",
                "php": ">=7.1"
            },
            "conflict": {
                "nette/di": "<3.0-stable"
            },
            "require-dev": {
                "nette/di": "^3.0.0",
                "nette/tester": "^2.0",
                "phpstan/phpstan-nette": "^0.12",
                "tracy/tracy": "^2.4"
            },
            "suggest": {
                "ext-fileinfo": "to detect type of attached files",
                "ext-openssl": "to use Nette\\Mail\\DkimSigner"
            },
            "type": "library",
            "extra": {
                "branch-alias": {
                    "dev-master": "3.1-dev"
                }
            },
            "autoload": {
                "classmap": [
                    "src/"
                ]
            },
            "notification-url": "https://packagist.org/downloads/",
            "license": [
                "BSD-3-Clause",
                "GPL-2.0-only",
                "GPL-3.0-only"
            ],
            "authors": [
                {
                    "name": "David Grudl",
                    "homepage": "https://davidgrudl.com"
                },
                {
                    "name": "Nette Community",
                    "homepage": "https://nette.org/contributors"
                }
            ],
            "description": "📧 Nette Mail: handy email creation and transfer library for PHP with both text and MIME-compliant support.",
            "homepage": "https://nette.org",
            "keywords": [
                "mail",
                "mailer",
                "mime",
                "nette",
                "smtp"
            ],
            "support": {
                "issues": "https://github.com/nette/mail/issues",
                "source": "https://github.com/nette/mail/tree/v3.1.5"
            },
            "time": "2020-11-02T16:08:27+00:00"
        },
        {
            "name": "nette/utils",
            "version": "v3.1.4",
            "source": {
                "type": "git",
                "url": "https://github.com/nette/utils.git",
                "reference": "19b3057d44cf5306c64f3c51a7fb77fa834fda1c"
            },
            "dist": {
                "type": "zip",
                "url": "https://api.github.com/repos/nette/utils/zipball/19b3057d44cf5306c64f3c51a7fb77fa834fda1c",
                "reference": "19b3057d44cf5306c64f3c51a7fb77fa834fda1c",
                "shasum": ""
            },
            "require": {
                "php": ">=7.1"
            },
            "require-dev": {
                "nette/tester": "~2.0",
                "phpstan/phpstan": "^0.12",
                "tracy/tracy": "^2.3"
            },
            "suggest": {
                "ext-gd": "to use Image",
                "ext-iconv": "to use Strings::webalize(), toAscii(), chr() and reverse()",
                "ext-intl": "to use Strings::webalize(), toAscii(), normalize() and compare()",
                "ext-json": "to use Nette\\Utils\\Json",
                "ext-mbstring": "to use Strings::lower() etc...",
                "ext-tokenizer": "to use Nette\\Utils\\Reflection::getUseStatements()",
                "ext-xml": "to use Strings::length() etc. when mbstring is not available"
            },
            "type": "library",
            "extra": {
                "branch-alias": {
                    "dev-master": "3.1-dev"
                }
            },
            "autoload": {
                "classmap": [
                    "src/"
                ]
            },
            "notification-url": "https://packagist.org/downloads/",
            "license": [
                "BSD-3-Clause",
                "GPL-2.0-only",
                "GPL-3.0-only"
            ],
            "authors": [
                {
                    "name": "David Grudl",
                    "homepage": "https://davidgrudl.com"
                },
                {
                    "name": "Nette Community",
                    "homepage": "https://nette.org/contributors"
                }
            ],
            "description": "🛠  Nette Utils: lightweight utilities for string & array manipulation, image handling, safe JSON encoding/decoding, validation, slug or strong password generating etc.",
            "homepage": "https://nette.org",
            "keywords": [
                "array",
                "core",
                "datetime",
                "images",
                "json",
                "nette",
                "paginator",
                "password",
                "slugify",
                "string",
                "unicode",
                "utf-8",
                "utility",
                "validation"
            ],
            "support": {
                "issues": "https://github.com/nette/utils/issues",
                "source": "https://github.com/nette/utils/tree/v3.1.4"
            },
            "time": "2020-11-25T20:53:17+00:00"
        }
    ],
    "packages-dev": [],
    "aliases": [],
    "minimum-stability": "stable",
    "stability-flags": [],
    "prefer-stable": false,
    "prefer-lowest": false,
    "platform": [],
    "platform-dev": [],
    "plugin-api-version": "2.0.0"
}
